{
  "name": "name-web-tools",
  "lockfileVersion": 3,
  "requires": true,
  "packages": {
    "": {
      "name": "name-web-tools",
      "dependencies": {
        "cnchar": "^3.2.6",
        "cnchar-info": "^3.2.6",
        "cnchar-radical": "^3.2.6"
      }
    },
    "node_modules/cnchar": {
      "version": "3.2.6",
      "resolved": "https://registry.npmjs.org/cnchar/-/cnchar-3.2.6.tgz",
      "integrity": "sha512-7Up5ALAkoOTAHlRMN0B7VgrrRsp6+trgFV0M7xSsZ0TwnnBfW68gXClcE9Oz8sTOEu+zqGOZjBhlHNzPIBckDA==",
      "license": "MIT",
      "dependencies": {
        "cnchar-types": "^3.2.6"
      }
    },
    "node_modules/cnchar-info": {
      "version": "3.2.6",
      "resolved": "https://registry.npmjs.org/cnchar-info/-/cnchar-info-3.2.6.tgz",
      "integrity": "sha512-BRdXjnCnQukjO5qPenvpdUoE64tGtDjpTWpPHf7qwbELbWWrIuVm+swWO4FjedJE2d2c0ozkhBcY3E7JdhMh8w==",
      "license": "MIT",
      "dependencies": {
        "cnchar-types": "^3.2.6"
      }
    },
    "node_modules/cnchar-radical": {
      "version": "3.2.6",
      "resolved": "https://registry.npmjs.org/cnchar-radical/-/cnchar-radical-3.2.6.tgz",
      "integrity": "sha512-c9d9DpYoLe6zlHewrwVgfcBVTeo9LuFT7KBICeIKIxggifBCLoOaYz4jkZuh1dz6j5h9Fz6rOrrA9YnXbUBLDw==",
      "license": "MIT",
      "dependencies": {
        "cnchar-types": "^3.2.6"
      }
    },
    "node_modules/cnchar-types": {
      "version": "3.2.6",
      "resolved": "https://registry.npmjs.org/cnchar-types/-/cnchar-types-3.2.6.tgz",
      "integrity": "sha512-LGU2ss7KcsI1Psme73+jffUX0ZDuChr6P9Rj2j8lynJHStklNpoC/+kheKSSUcXQ1u2KNvZt1Shs/5efcihHkg==",
      "license": "MIT"
    }
  }
}
